
Microsoft Visual Studio Solution File, Format Version 12.00
# Visual Studio Version 17
VisualStudioVersion = 17.9.34701.34
MinimumVisualStudioVersion = 10.0.40219.1
Project("{FAE04EC0-301F-11D3-BF4B-00C04F79EFBC}") = "DoAn_PBL3", "DoHoaC#\DoAn_PBL3.csproj", "{2F487E2A-94E7-4F6B-B55B-1105497BA3BF}"
EndProject
Global
	GlobalSection(SolutionConfigurationPlatforms) = preSolution
		Debug|Any CPU = Debug|Any CPU
		Release|Any CPU = Release|Any CPU
	EndGlobalSection
	GlobalSection(ProjectConfigurationPlatforms) = postSolution
		{2F487E2A-94E7-4F6B-B55B-1105497BA3BF}.Debug|Any CPU.ActiveCfg = Debug|Any CPU
		{2F487E2A-94E7-4F6B-B55B-1105497BA3BF}.Debug|Any CPU.Build.0 = Debug|Any CPU
		{2F487E2A-94E7-4F6B-B55B-1105497BA3BF}.Release|Any CPU.ActiveCfg = Release|Any CPU
		{2F487E2A-94E7-4F6B-B55B-1105497BA3BF}.Release|Any CPU.Build.0 = Release|Any CPU
	EndGlobalSection
	GlobalSection(SolutionProperties) = preSolution
		HideSolutionNode = FALSE
	EndGlobalSection
	GlobalSection(ExtensibilityGlobals) = postSolution
		SolutionGuid = {D48DE702-F5C3-4F13-B652-9CD3C2125E44}
	EndGlobalSection
EndGlobal
